
Microsoft Visual Studio Solution File, Format Version 12.00
# Visual Studio Version 16
VisualStudioVersion = 16.0.30907.101
MinimumVisualStudioVersion = 10.0.40219.1
Project("{9A19103F-16F7-4668-BE54-9A1E7A4F7556}") = "DataAccess", "DataAccess\DataAccess.csproj", "{1236A254-8A36-462B-A4F6-A8F09F5C8CEF}"
EndProject
Project("{9A19103F-16F7-4668-BE54-9A1E7A4F7556}") = "Business", "Business\Business.csproj", "{9D0D9286-4D3B-4534-A960-5E83CA337FB1}"
EndProject
Project("{9A19103F-16F7-4668-BE54-9A1E7A4F7556}") = "Entities", "Entities\Entities.csproj", "{49C1E33F-CABB-494C-82FC-458B8D07FCD3}"
EndProject
Project("{9A19103F-16F7-4668-BE54-9A1E7A4F7556}") = "ConsoleUI", "ConsoleUI\ConsoleUI.csproj", "{9E024B2D-BE06-477A-9623-AB819E95FA9C}"
EndProject
Project("{9A19103F-16F7-4668-BE54-9A1E7A4F7556}") = "Core", "Core\Core.csproj", "{75917560-9A25-418A-8CD7-731234B395CD}"
EndProject
Project("{FAE04EC0-301F-11D3-BF4B-00C04F79EFBC}") = "WebAPI", "WebAPI\WebAPI.csproj", "{5A9E6DBB-F969-4380-BEA7-741D3B1785A3}"
EndProject
Global
	GlobalSection(SolutionConfigurationPlatforms) = preSolution
		Debug|Any CPU = Debug|Any CPU
		Release|Any CPU = Release|Any CPU
	EndGlobalSection
	GlobalSection(ProjectConfigurationPlatforms) = postSolution
		{1236A254-8A36-462B-A4F6-A8F09F5C8CEF}.Debug|Any CPU.ActiveCfg = Debug|Any CPU
		{1236A254-8A36-462B-A4F6-A8F09F5C8CEF}.Debug|Any CPU.Build.0 = Debug|Any CPU
		{1236A254-8A36-462B-A4F6-A8F09F5C8CEF}.Release|Any CPU.ActiveCfg = Release|Any CPU
		{1236A254-8A36-462B-A4F6-A8F09F5C8CEF}.Release|Any CPU.Build.0 = Release|Any CPU
		{9D0D9286-4D3B-4534-A960-5E83CA337FB1}.Debug|Any CPU.ActiveCfg = Debug|Any CPU
		{9D0D9286-4D3B-4534-A960-5E83CA337FB1}.Debug|Any CPU.Build.0 = Debug|Any CPU
		{9D0D9286-4D3B-4534-A960-5E83CA337FB1}.Release|Any CPU.ActiveCfg = Release|Any CPU
		{9D0D9286-4D3B-4534-A960-5E83CA337FB1}.Release|Any CPU.Build.0 = Release|Any CPU
		{49C1E33F-CABB-494C-82FC-458B8D07FCD3}.Debug|Any CPU.ActiveCfg = Debug|Any CPU
		{49C1E33F-CABB-494C-82FC-458B8D07FCD3}.Debug|Any CPU.Build.0 = Debug|Any CPU
		{49C1E33F-CABB-494C-82FC-458B8D07FCD3}.Release|Any CPU.ActiveCfg = Release|Any CPU
		{49C1E33F-CABB-494C-82FC-458B8D07FCD3}.Release|Any CPU.Build.0 = Release|Any CPU
		{9E024B2D-BE06-477A-9623-AB819E95FA9C}.Debug|Any CPU.ActiveCfg = Debug|Any CPU
		{9E024B2D-BE06-477A-9623-AB819E95FA9C}.Debug|Any CPU.Build.0 = Debug|Any CPU
		{9E024B2D-BE06-477A-9623-AB819E95FA9C}.Release|Any CPU.ActiveCfg = Release|Any CPU
		{9E024B2D-BE06-477A-9623-AB819E95FA9C}.Release|Any CPU.Build.0 = Release|Any CPU
		{75917560-9A25-418A-8CD7-731234B395CD}.Debug|Any CPU.ActiveCfg = Debug|Any CPU
		{75917560-9A25-418A-8CD7-731234B395CD}.Debug|Any CPU.Build.0 = Debug|Any CPU
		{75917560-9A25-418A-8CD7-731234B395CD}.Release|Any CPU.ActiveCfg = Release|Any CPU
		{75917560-9A25-418A-8CD7-731234B395CD}.Release|Any CPU.Build.0 = Release|Any CPU
		{5A9E6DBB-F969-4380-BEA7-741D3B1785A3}.Debug|Any CPU.ActiveCfg = Debug|Any CPU
		{5A9E6DBB-F969-4380-BEA7-741D3B1785A3}.Debug|Any CPU.Build.0 = Debug|Any CPU
		{5A9E6DBB-F969-4380-BEA7-741D3B1785A3}.Release|Any CPU.ActiveCfg = Release|Any CPU
		{5A9E6DBB-F969-4380-BEA7-741D3B1785A3}.Release|Any CPU.Build.0 = Release|Any CPU
	EndGlobalSection
	GlobalSection(SolutionProperties) = preSolution
		HideSolutionNode = FALSE
	EndGlobalSection
	GlobalSection(ExtensibilityGlobals) = postSolution
		SolutionGuid = {27E59CC1-11BF-4655-BA11-97A2CEFD30C3}
	EndGlobalSection
EndGlobal
